// !$*UTF8*$!
{
	archiveVersion = 1;
	classes = {
	};
	objectVersion = 50;
	objects = {

/* Begin PBXBuildFile section */
		2756446C23E3130100599BFF /* ListaCompraProtocol.swift in Sources */ = {isa = PBXBuildFile; fileRef = 2756446123E3130000599BFF /* ListaCompraProtocol.swift */; };
		2756446D23E3130100599BFF /* ListaCompra.swift in Sources */ = {isa = PBXBuildFile; fileRef = 2756446223E3130000599BFF /* ListaCompra.swift */; };
		2756446E23E3130100599BFF /* Item.swift in Sources */ = {isa = PBXBuildFile; fileRef = 2756446323E3130000599BFF /* Item.swift */; };
		2756446F23E3130100599BFF /* CeldaItem.swift in Sources */ = {isa = PBXBuildFile; fileRef = 2756446523E3130000599BFF /* CeldaItem.swift */; };
		2756447023E3130100599BFF /* ListaViewController.swift in Sources */ = {isa = PBXBuildFile; fileRef = 2756446623E3130000599BFF /* ListaViewController.swift */; };
		2756447123E3130100599BFF /* RepositorioLista.swift in Sources */ = {isa = PBXBuildFile; fileRef = 2756446823E3130000599BFF /* RepositorioLista.swift */; };
		2756447223E3130100599BFF /* RepositorioListaProtocol.swift in Sources */ = {isa = PBXBuildFile; fileRef = 2756446923E3130000599BFF /* RepositorioListaProtocol.swift */; };
		2756447323E3130100599BFF /* ListaCompraDataSource.swift in Sources */ = {isa = PBXBuildFile; fileRef = 2756446A23E3130000599BFF /* ListaCompraDataSource.swift */; };
		2756447423E3130100599BFF /* NuevoItemViewController.swift in Sources */ = {isa = PBXBuildFile; fileRef = 2756446B23E3130000599BFF /* NuevoItemViewController.swift */; };
		27E1A65F23E311DB009B3CDB /* AppDelegate.swift in Sources */ = {isa = PBXBuildFile; fileRef = 27E1A65E23E311DB009B3CDB /* AppDelegate.swift */; };
		27E1A66123E311DB009B3CDB /* ViewController.swift in Sources */ = {isa = PBXBuildFile; fileRef = 27E1A66023E311DB009B3CDB /* ViewController.swift */; };
		27E1A66423E311DB009B3CDB /* Main.storyboard in Resources */ = {isa = PBXBuildFile; fileRef = 27E1A66223E311DB009B3CDB /* Main.storyboard */; };
		27E1A66623E311DC009B3CDB /* Assets.xcassets in Resources */ = {isa = PBXBuildFile; fileRef = 27E1A66523E311DC009B3CDB /* Assets.xcassets */; };
		27E1A66923E311DC009B3CDB /* LaunchScreen.storyboard in Resources */ = {isa = PBXBuildFile; fileRef = 27E1A66723E311DC009B3CDB /* LaunchScreen.storyboard */; };
		5176A0A906198676184A0A67 /* Pods_ListaCompra.framework in Frameworks */ = {isa = PBXBuildFile; fileRef = 0AD403CB6A4D793FA17A31F2 /* Pods_ListaCompra.framework */; };
		7DE13D4B23E3329600E58A49 /* File.swift in Sources */ = {isa = PBXBuildFile; fileRef = 7DE13D4A23E3329600E58A49 /* File.swift */; };
		7DE13D4E23E3331400E58A49 /* CompraActions.swift in Sources */ = {isa = PBXBuildFile; fileRef = 7DE13D4D23E3331400E58A49 /* CompraActions.swift */; };
		7DE13D5123E3335800E58A49 /* AppReducer.swift in Sources */ = {isa = PBXBuildFile; fileRef = 7DE13D5023E3335800E58A49 /* AppReducer.swift */; };
/* End PBXBuildFile section */

/* Begin PBXFileReference section */
		0AD403CB6A4D793FA17A31F2 /* Pods_ListaCompra.framework */ = {isa = PBXFileReference; explicitFileType = wrapper.framework; includeInIndex = 0; path = Pods_ListaCompra.framework; sourceTree = BUILT_PRODUCTS_DIR; };
		2756446123E3130000599BFF /* ListaCompraProtocol.swift */ = {isa = PBXFileReference; fileEncoding = 4; lastKnownFileType = sourcecode.swift; path = ListaCompraProtocol.swift; sourceTree = "<group>"; };
		2756446223E3130000599BFF /* ListaCompra.swift */ = {isa = PBXFileReference; fileEncoding = 4; lastKnownFileType = sourcecode.swift; path = ListaCompra.swift; sourceTree = "<group>"; };
		2756446323E3130000599BFF /* Item.swift */ = {isa = PBXFileReference; fileEncoding = 4; lastKnownFileType = sourcecode.swift; path = Item.swift; sourceTree = "<group>"; };
		2756446523E3130000599BFF /* CeldaItem.swift */ = {isa = PBXFileReference; fileEncoding = 4; lastKnownFileType = sourcecode.swift; path = CeldaItem.swift; sourceTree = "<group>"; };
		2756446623E3130000599BFF /* ListaViewController.swift */ = {isa = PBXFileReference; fileEncoding = 4; lastKnownFileType = sourcecode.swift; name = ListaViewController.swift; path = ListaCompra/ListaViewController.swift; sourceTree = "<group>"; };
		2756446823E3130000599BFF /* RepositorioLista.swift */ = {isa = PBXFileReference; fileEncoding = 4; lastKnownFileType = sourcecode.swift; path = RepositorioLista.swift; sourceTree = "<group>"; };
		2756446923E3130000599BFF /* RepositorioListaProtocol.swift */ = {isa = PBXFileReference; fileEncoding = 4; lastKnownFileType = sourcecode.swift; path = RepositorioListaProtocol.swift; sourceTree = "<group>"; };
		2756446A23E3130000599BFF /* ListaCompraDataSource.swift */ = {isa = PBXFileReference; fileEncoding = 4; lastKnownFileType = sourcecode.swift; name = ListaCompraDataSource.swift; path = ListaCompra/ListaCompraDataSource.swift; sourceTree = "<group>"; };
		2756446B23E3130000599BFF /* NuevoItemViewController.swift */ = {isa = PBXFileReference; fileEncoding = 4; lastKnownFileType = sourcecode.swift; name = NuevoItemViewController.swift; path = ListaCompra/NuevoItemViewController.swift; sourceTree = "<group>"; };
		27E1A65B23E311DB009B3CDB /* ListaCompra.app */ = {isa = PBXFileReference; explicitFileType = wrapper.application; includeInIndex = 0; path = ListaCompra.app; sourceTree = BUILT_PRODUCTS_DIR; };
		27E1A65E23E311DB009B3CDB /* AppDelegate.swift */ = {isa = PBXFileReference; lastKnownFileType = sourcecode.swift; path = AppDelegate.swift; sourceTree = "<group>"; };
		27E1A66023E311DB009B3CDB /* ViewController.swift */ = {isa = PBXFileReference; lastKnownFileType = sourcecode.swift; path = ViewController.swift; sourceTree = "<group>"; };
		27E1A66323E311DB009B3CDB /* Base */ = {isa = PBXFileReference; lastKnownFileType = file.storyboard; name = Base; path = Base.lproj/Main.storyboard; sourceTree = "<group>"; };
		27E1A66523E311DC009B3CDB /* Assets.xcassets */ = {isa = PBXFileReference; lastKnownFileType = folder.assetcatalog; path = Assets.xcassets; sourceTree = "<group>"; };
		27E1A66823E311DC009B3CDB /* Base */ = {isa = PBXFileReference; lastKnownFileType = file.storyboard; name = Base; path = Base.lproj/LaunchScreen.storyboard; sourceTree = "<group>"; };
		27E1A66A23E311DC009B3CDB /* Info.plist */ = {isa = PBXFileReference; lastKnownFileType = text.plist.xml; path = Info.plist; sourceTree = "<group>"; };
		393764FC601A24975CB8BBF4 /* Pods-ListaCompra.debug.xcconfig */ = {isa = PBXFileReference; includeInIndex = 1; lastKnownFileType = text.xcconfig; name = "Pods-ListaCompra.debug.xcconfig"; path = "Pods/Target Support Files/Pods-ListaCompra/Pods-ListaCompra.debug.xcconfig"; sourceTree = "<group>"; };
		7DE13D4A23E3329600E58A49 /* File.swift */ = {isa = PBXFileReference; lastKnownFileType = sourcecode.swift; path = File.swift; sourceTree = "<group>"; };
		7DE13D4D23E3331400E58A49 /* CompraActions.swift */ = {isa = PBXFileReference; lastKnownFileType = sourcecode.swift; path = CompraActions.swift; sourceTree = "<group>"; };
		7DE13D5023E3335800E58A49 /* AppReducer.swift */ = {isa = PBXFileReference; lastKnownFileType = sourcecode.swift; path = AppReducer.swift; sourceTree = "<group>"; };
		A9534D90BA6A2CADFBA23684 /* Pods-ListaCompra.release.xcconfig */ = {isa = PBXFileReference; includeInIndex = 1; lastKnownFileType = text.xcconfig; name = "Pods-ListaCompra.release.xcconfig"; path = "Pods/Target Support Files/Pods-ListaCompra/Pods-ListaCompra.release.xcconfig"; sourceTree = "<group>"; };
/* End PBXFileReference section */

/* Begin PBXFrameworksBuildPhase section */
		27E1A65823E311DB009B3CDB /* Frameworks */ = {
			isa = PBXFrameworksBuildPhase;
			buildActionMask = 2147483647;
			files = (
				5176A0A906198676184A0A67 /* Pods_ListaCompra.framework in Frameworks */,
			);
			runOnlyForDeploymentPostprocessing = 0;
		};
/* End PBXFrameworksBuildPhase section */

/* Begin PBXGroup section */
		2756446023E3130000599BFF /* modelo */ = {
			isa = PBXGroup;
			children = (
				2756446123E3130000599BFF /* ListaCompraProtocol.swift */,
				2756446223E3130000599BFF /* ListaCompra.swift */,
				2756446323E3130000599BFF /* Item.swift */,
			);
			name = modelo;
			path = ListaCompra/modelo;
			sourceTree = "<group>";
		};
		2756446423E3130000599BFF /* vista */ = {
			isa = PBXGroup;
			children = (
				2756446523E3130000599BFF /* CeldaItem.swift */,
			);
			name = vista;
			path = ListaCompra/vista;
			sourceTree = "<group>";
		};
		2756446723E3130000599BFF /* datos */ = {
			isa = PBXGroup;
			children = (
				2756446823E3130000599BFF /* RepositorioLista.swift */,
				2756446923E3130000599BFF /* RepositorioListaProtocol.swift */,
			);
			name = datos;
			path = ListaCompra/datos;
			sourceTree = "<group>";
		};
		27E1A65223E311DB009B3CDB = {
			isa = PBXGroup;
			children = (
				7DE13D4F23E3334400E58A49 /* Reducers */,
				7DE13D4C23E332CF00E58A49 /* Actions */,
				7DE13D4923E3328000E58A49 /* State */,
				2756446723E3130000599BFF /* datos */,
				2756446A23E3130000599BFF /* ListaCompraDataSource.swift */,
				2756446623E3130000599BFF /* ListaViewController.swift */,
				2756446023E3130000599BFF /* modelo */,
				2756446B23E3130000599BFF /* NuevoItemViewController.swift */,
				2756446423E3130000599BFF /* vista */,
				27E1A65D23E311DB009B3CDB /* ListaCompra */,
				27E1A65C23E311DB009B3CDB /* Products */,
				FD7B98FDB584AFC944A41484 /* Pods */,
				544624F636F5D5D4B037900A /* Frameworks */,
			);
			sourceTree = "<group>";
		};
		27E1A65C23E311DB009B3CDB /* Products */ = {
			isa = PBXGroup;
			children = (
				27E1A65B23E311DB009B3CDB /* ListaCompra.app */,
			);
			name = Products;
			sourceTree = "<group>";
		};
		27E1A65D23E311DB009B3CDB /* ListaCompra */ = {
			isa = PBXGroup;
			children = (
				27E1A65E23E311DB009B3CDB /* AppDelegate.swift */,
				27E1A66023E311DB009B3CDB /* ViewController.swift */,
				27E1A66223E311DB009B3CDB /* Main.storyboard */,
				27E1A66523E311DC009B3CDB /* Assets.xcassets */,
				27E1A66723E311DC009B3CDB /* LaunchScreen.storyboard */,
				27E1A66A23E311DC009B3CDB /* Info.plist */,
			);
			path = ListaCompra;
			sourceTree = "<group>";
		};
		544624F636F5D5D4B037900A /* Frameworks */ = {
			isa = PBXGroup;
			children = (
				0AD403CB6A4D793FA17A31F2 /* Pods_ListaCompra.framework */,
			);
			name = Frameworks;
			sourceTree = "<group>";
		};
		7DE13D4923E3328000E58A49 /* State */ = {
			isa = PBXGroup;
			children = (
				7DE13D4A23E3329600E58A49 /* File.swift */,
			);
			path = State;
			sourceTree = "<group>";
		};
		7DE13D4C23E332CF00E58A49 /* Actions */ = {
			isa = PBXGroup;
			children = (
				7DE13D4D23E3331400E58A49 /* CompraActions.swift */,
			);
			path = Actions;
			sourceTree = "<group>";
		};
		7DE13D4F23E3334400E58A49 /* Reducers */ = {
			isa = PBXGroup;
			children = (
				7DE13D5023E3335800E58A49 /* AppReducer.swift */,
			);
			path = Reducers;
			sourceTree = "<group>";
		};
		FD7B98FDB584AFC944A41484 /* Pods */ = {
			isa = PBXGroup;
			children = (
				393764FC601A24975CB8BBF4 /* Pods-ListaCompra.debug.xcconfig */,
				A9534D90BA6A2CADFBA23684 /* Pods-ListaCompra.release.xcconfig */,
			);
			name = Pods;
			sourceTree = "<group>";
		};
/* End PBXGroup section */

/* Begin PBXNativeTarget section */
		27E1A65A23E311DB009B3CDB /* ListaCompra */ = {
			isa = PBXNativeTarget;
			buildConfigurationList = 27E1A66D23E311DC009B3CDB /* Build configuration list for PBXNativeTarget "ListaCompra" */;
			buildPhases = (
				C27B0149D3A2F38B365E5B83 /* [CP] Check Pods Manifest.lock */,
				27E1A65723E311DB009B3CDB /* Sources */,
				27E1A65823E311DB009B3CDB /* Frameworks */,
				27E1A65923E311DB009B3CDB /* Resources */,
				4CE6E00ADD4D7F2DF405EDAA /* [CP] Embed Pods Frameworks */,
			);
			buildRules = (
			);
			dependencies = (
			);
			name = ListaCompra;
			productName = ListaCompra;
			productReference = 27E1A65B23E311DB009B3CDB /* ListaCompra.app */;
			productType = "com.apple.product-type.application";
		};
/* End PBXNativeTarget section */

/* Begin PBXProject section */
		27E1A65323E311DB009B3CDB /* Project object */ = {
			isa = PBXProject;
			attributes = {
				LastSwiftUpdateCheck = 1030;
				LastUpgradeCheck = 1030;
				ORGANIZATIONNAME = "Otto Colomina Pardo";
				TargetAttributes = {
					27E1A65A23E311DB009B3CDB = {
						CreatedOnToolsVersion = 10.3;
					};
				};
			};
			buildConfigurationList = 27E1A65623E311DB009B3CDB /* Build configuration list for PBXProject "ListaCompra" */;
			compatibilityVersion = "Xcode 9.3";
			developmentRegion = en;
			hasScannedForEncodings = 0;
			knownRegions = (
				en,
				Base,
			);
			mainGroup = 27E1A65223E311DB009B3CDB;
			productRefGroup = 27E1A65C23E311DB009B3CDB /* Products */;
			projectDirPath = "";
			projectRoot = "";
			targets = (
				27E1A65A23E311DB009B3CDB /* ListaCompra */,
			);
		};
/* End PBXProject section */

/* Begin PBXResourcesBuildPhase section */
		27E1A65923E311DB009B3CDB /* Resources */ = {
			isa = PBXResourcesBuildPhase;
			buildActionMask = 2147483647;
			files = (
				27E1A66923E311DC009B3CDB /* LaunchScreen.storyboard in Resources */,
				27E1A66623E311DC009B3CDB /* Assets.xcassets in Resources */,
				27E1A66423E311DB009B3CDB /* Main.storyboard in Resources */,
			);
			runOnlyForDeploymentPostprocessing = 0;
		};
/* End PBXResourcesBuildPhase section */

/* Begin PBXShellScriptBuildPhase section */
		4CE6E00ADD4D7F2DF405EDAA /* [CP] Embed Pods Frameworks */ = {
			isa = PBXShellScriptBuildPhase;
			buildActionMask = 2147483647;
			files = (
			);
			inputFileListPaths = (
			);
			inputPaths = (
				"${SRCROOT}/Pods/Target Support Files/Pods-ListaCompra/Pods-ListaCompra-frameworks.sh",
				"${BUILT_PRODUCTS_DIR}/ReSwift/ReSwift.framework",
			);
			name = "[CP] Embed Pods Frameworks";
			outputFileListPaths = (
			);
			outputPaths = (
				"${TARGET_BUILD_DIR}/${FRAMEWORKS_FOLDER_PATH}/ReSwift.framework",
			);
			runOnlyForDeploymentPostprocessing = 0;
			shellPath = /bin/sh;
			shellScript = "\"${SRCROOT}/Pods/Target Support Files/Pods-ListaCompra/Pods-ListaCompra-frameworks.sh\"\n";
			showEnvVarsInLog = 0;
		};
		C27B0149D3A2F38B365E5B83 /* [CP] Check Pods Manifest.lock */ = {
			isa = PBXShellScriptBuildPhase;
			buildActionMask = 2147483647;
			files = (
			);
			inputFileListPaths = (
			);
			inputPaths = (
				"${PODS_PODFILE_DIR_PATH}/Podfile.lock",
				"${PODS_ROOT}/Manifest.lock",
			);
			name = "[CP] Check Pods Manifest.lock";
			outputFileListPaths = (
			);
			outputPaths = (
				"$(DERIVED_FILE_DIR)/Pods-ListaCompra-checkManifestLockResult.txt",
			);
			runOnlyForDeploymentPostprocessing = 0;
			shellPath = /bin/sh;
			shellScript = "diff \"${PODS_PODFILE_DIR_PATH}/Podfile.lock\" \"${PODS_ROOT}/Manifest.lock\" > /dev/null\nif [ $? != 0 ] ; then\n    # print error to STDERR\n    echo \"error: The sandbox is not in sync with the Podfile.lock. Run 'pod install' or update your CocoaPods installation.\" >&2\n    exit 1\nfi\n# This output is used by Xcode 'outputs' to avoid re-running this script phase.\necho \"SUCCESS\" > \"${SCRIPT_OUTPUT_FILE_0}\"\n";
			showEnvVarsInLog = 0;
		};
/* End PBXShellScriptBuildPhase section */

/* Begin PBXSourcesBuildPhase section */
		27E1A65723E311DB009B3CDB /* Sources */ = {
			isa = PBXSourcesBuildPhase;
			buildActionMask = 2147483647;
			files = (
				2756447223E3130100599BFF /* RepositorioListaProtocol.swift in Sources */,
				7DE13D5123E3335800E58A49 /* AppReducer.swift in Sources */,
				7DE13D4B23E3329600E58A49 /* File.swift in Sources */,
				2756446E23E3130100599BFF /* Item.swift in Sources */,
				27E1A66123E311DB009B3CDB /* ViewController.swift in Sources */,
				2756446F23E3130100599BFF /* CeldaItem.swift in Sources */,
				2756446C23E3130100599BFF /* ListaCompraProtocol.swift in Sources */,
				27E1A65F23E311DB009B3CDB /* AppDelegate.swift in Sources */,
				2756447123E3130100599BFF /* RepositorioLista.swift in Sources */,
				2756447423E3130100599BFF /* NuevoItemViewController.swift in Sources */,
				2756447023E3130100599BFF /* ListaViewController.swift in Sources */,
				2756447323E3130100599BFF /* ListaCompraDataSource.swift in Sources */,
				2756446D23E3130100599BFF /* ListaCompra.swift in Sources */,
				7DE13D4E23E3331400E58A49 /* CompraActions.swift in Sources */,
			);
			runOnlyForDeploymentPostprocessing = 0;
		};
/* End PBXSourcesBuildPhase section */

/* Begin PBXVariantGroup section */
		27E1A66223E311DB009B3CDB /* Main.storyboard */ = {
			isa = PBXVariantGroup;
			children = (
				27E1A66323E311DB009B3CDB /* Base */,
			);
			name = Main.storyboard;
			sourceTree = "<group>";
		};
		27E1A66723E311DC009B3CDB /* LaunchScreen.storyboard */ = {
			isa = PBXVariantGroup;
			children = (
				27E1A66823E311DC009B3CDB /* Base */,
			);
			name = LaunchScreen.storyboard;
			sourceTree = "<group>";
		};
/* End PBXVariantGroup section */

/* Begin XCBuildConfiguration section */
		27E1A66B23E311DC009B3CDB /* Debug */ = {
			isa = XCBuildConfiguration;
			buildSettings = {
				ALWAYS_SEARCH_USER_PATHS = NO;
				CLANG_ANALYZER_NONNULL = YES;
				CLANG_ANALYZER_NUMBER_OBJECT_CONVERSION = YES_AGGRESSIVE;
				CLANG_CXX_LANGUAGE_STANDARD = "gnu++14";
				CLANG_CXX_LIBRARY = "libc++";
				CLANG_ENABLE_MODULES = YES;
				CLANG_ENABLE_OBJC_ARC = YES;
				CLANG_ENABLE_OBJC_WEAK = YES;
				CLANG_WARN_BLOCK_CAPTURE_AUTORELEASING = YES;
				CLANG_WARN_BOOL_CONVERSION = YES;
				CLANG_WARN_COMMA = YES;
				CLANG_WARN_CONSTANT_CONVERSION = YES;
				CLANG_WARN_DEPRECATED_OBJC_IMPLEMENTATIONS = YES;
				CLANG_WARN_DIRECT_OBJC_ISA_USAGE = YES_ERROR;
				CLANG_WARN_DOCUMENTATION_COMMENTS = YES;
				CLANG_WARN_EMPTY_BODY = YES;
				CLANG_WARN_ENUM_CONVERSION = YES;
				CLANG_WARN_INFINITE_RECURSION = YES;
				CLANG_WARN_INT_CONVERSION = YES;
				CLANG_WARN_NON_LITERAL_NULL_CONVERSION = YES;
				CLANG_WARN_OBJC_IMPLICIT_RETAIN_SELF = YES;
				CLANG_WARN_OBJC_LITERAL_CONVERSION = YES;
				CLANG_WARN_OBJC_ROOT_CLASS = YES_ERROR;
				CLANG_WARN_RANGE_LOOP_ANALYSIS = YES;
				CLANG_WARN_STRICT_PROTOTYPES = YES;
				CLANG_WARN_SUSPICIOUS_MOVE = YES;
				CLANG_WARN_UNGUARDED_AVAILABILITY = YES_AGGRESSIVE;
				CLANG_WARN_UNREACHABLE_CODE = YES;
				CLANG_WARN__DUPLICATE_METHOD_MATCH = YES;
				CODE_SIGN_IDENTITY = "iPhone Developer";
				COPY_PHASE_STRIP = NO;
				DEBUG_INFORMATION_FORMAT = dwarf;
				ENABLE_STRICT_OBJC_MSGSEND = YES;
				ENABLE_TESTABILITY = YES;
				GCC_C_LANGUAGE_STANDARD = gnu11;
				GCC_DYNAMIC_NO_PIC = NO;
				GCC_NO_COMMON_BLOCKS = YES;
				GCC_OPTIMIZATION_LEVEL = 0;
				GCC_PREPROCESSOR_DEFINITIONS = (
					"DEBUG=1",
					"$(inherited)",
				);
				GCC_WARN_64_TO_32_BIT_CONVERSION = YES;
				GCC_WARN_ABOUT_RETURN_TYPE = YES_ERROR;
				GCC_WARN_UNDECLARED_SELECTOR = YES;
				GCC_WARN_UNINITIALIZED_AUTOS = YES_AGGRESSIVE;
				GCC_WARN_UNUSED_FUNCTION = YES;
				GCC_WARN_UNUSED_VARIABLE = YES;
				IPHONEOS_DEPLOYMENT_TARGET = 12.4;
				MTL_ENABLE_DEBUG_INFO = INCLUDE_SOURCE;
				MTL_FAST_MATH = YES;
				ONLY_ACTIVE_ARCH = YES;
				SDKROOT = iphoneos;
				SWIFT_ACTIVE_COMPILATION_CONDITIONS = DEBUG;
				SWIFT_OPTIMIZATION_LEVEL = "-Onone";
			};
			name = Debug;
		};
		27E1A66C23E311DC009B3CDB /* Release */ = {
			isa = XCBuildConfiguration;
			buildSettings = {
				ALWAYS_SEARCH_USER_PATHS = NO;
				CLANG_ANALYZER_NONNULL = YES;
				CLANG_ANALYZER_NUMBER_OBJECT_CONVERSION = YES_AGGRESSIVE;
				CLANG_CXX_LANGUAGE_STANDARD = "gnu++14";
				CLANG_CXX_LIBRARY = "libc++";
				CLANG_ENABLE_MODULES = YES;
				CLANG_ENABLE_OBJC_ARC = YES;
				CLANG_ENABLE_OBJC_WEAK = YES;
				CLANG_WARN_BLOCK_CAPTURE_AUTORELEASING = YES;
				CLANG_WARN_BOOL_CONVERSION = YES;
				CLANG_WARN_COMMA = YES;
				CLANG_WARN_CONSTANT_CONVERSION = YES;
				CLANG_WARN_DEPRECATED_OBJC_IMPLEMENTATIONS = YES;
				CLANG_WARN_DIRECT_OBJC_ISA_USAGE = YES_ERROR;
				CLANG_WARN_DOCUMENTATION_COMMENTS = YES;
				CLANG_WARN_EMPTY_BODY = YES;
				CLANG_WARN_ENUM_CONVERSION = YES;
				CLANG_WARN_INFINITE_RECURSION = YES;
				CLANG_WARN_INT_CONVERSION = YES;
				CLANG_WARN_NON_LITERAL_NULL_CONVERSION = YES;
				CLANG_WARN_OBJC_IMPLICIT_RETAIN_SELF = YES;
				CLANG_WARN_OBJC_LITERAL_CONVERSION = YES;
				CLANG_WARN_OBJC_ROOT_CLASS = YES_ERROR;
				CLANG_WARN_RANGE_LOOP_ANALYSIS = YES;
				CLANG_WARN_STRICT_PROTOTYPES = YES;
				CLANG_WARN_SUSPICIOUS_MOVE = YES;
				CLANG_WARN_UNGUARDED_AVAILABILITY = YES_AGGRESSIVE;
				CLANG_WARN_UNREACHABLE_CODE = YES;
				CLANG_WARN__DUPLICATE_METHOD_MATCH = YES;
				CODE_SIGN_IDENTITY = "iPhone Developer";
				COPY_PHASE_STRIP = NO;
				DEBUG_INFORMATION_FORMAT = "dwarf-with-dsym";
				ENABLE_NS_ASSERTIONS = NO;
				ENABLE_STRICT_OBJC_MSGSEND = YES;
				GCC_C_LANGUAGE_STANDARD = gnu11;
				GCC_NO_COMMON_BLOCKS = YES;
				GCC_WARN_64_TO_32_BIT_CONVERSION = YES;
				GCC_WARN_ABOUT_RETURN_TYPE = YES_ERROR;
				GCC_WARN_UNDECLARED_SELECTOR = YES;
				GCC_WARN_UNINITIALIZED_AUTOS = YES_AGGRESSIVE;
				GCC_WARN_UNUSED_FUNCTION = YES;
				GCC_WARN_UNUSED_VARIABLE = YES;
				IPHONEOS_DEPLOYMENT_TARGET = 12.4;
				MTL_ENABLE_DEBUG_INFO = NO;
				MTL_FAST_MATH = YES;
				SDKROOT = iphoneos;
				SWIFT_COMPILATION_MODE = wholemodule;
				SWIFT_OPTIMIZATION_LEVEL = "-O";
				VALIDATE_PRODUCT = YES;
			};
			name = Release;
		};
		27E1A66E23E311DC009B3CDB /* Debug */ = {
			isa = XCBuildConfiguration;
			baseConfigurationReference = 393764FC601A24975CB8BBF4 /* Pods-ListaCompra.debug.xcconfig */;
			buildSettings = {
				ASSETCATALOG_COMPILER_APPICON_NAME = AppIcon;
				CODE_SIGN_STYLE = Automatic;
				DEVELOPMENT_TEAM = 3S952AGH46;
				INFOPLIST_FILE = ListaCompra/Info.plist;
				LD_RUNPATH_SEARCH_PATHS = (
					"$(inherited)",
					"@executable_path/Frameworks",
				);
				PRODUCT_BUNDLE_IDENTIFIER = UA.ListaCompra;
				PRODUCT_NAME = "$(TARGET_NAME)";
				SWIFT_VERSION = 5.0;
				TARGETED_DEVICE_FAMILY = "1,2";
			};
			name = Debug;
		};
		27E1A66F23E311DC009B3CDB /* Release */ = {
			isa = XCBuildConfiguration;
			baseConfigurationReference = A9534D90BA6A2CADFBA23684 /* Pods-ListaCompra.release.xcconfig */;
			buildSettings = {
				ASSETCATALOG_COMPILER_APPICON_NAME = AppIcon;
				CODE_SIGN_STYLE = Automatic;
				DEVELOPMENT_TEAM = 3S952AGH46;
				INFOPLIST_FILE = ListaCompra/Info.plist;
				LD_RUNPATH_SEARCH_PATHS = (
					"$(inherited)",
					"@executable_path/Frameworks",
				);
				PRODUCT_BUNDLE_IDENTIFIER = UA.ListaCompra;
				PRODUCT_NAME = "$(TARGET_NAME)";
				SWIFT_VERSION = 5.0;
				TARGETED_DEVICE_FAMILY = "1,2";
			};
			name = Release;
		};
/* End XCBuildConfiguration section */

/* Begin XCConfigurationList section */
		27E1A65623E311DB009B3CDB /* Build configuration list for PBXProject "ListaCompra" */ = {
			isa = XCConfigurationList;
			buildConfigurations = (
				27E1A66B23E311DC009B3CDB /* Debug */,
				27E1A66C23E311DC009B3CDB /* Release */,
			);
			defaultConfigurationIsVisible = 0;
			defaultConfigurationName = Release;
		};
		27E1A66D23E311DC009B3CDB /* Build configuration list for PBXNativeTarget "ListaCompra" */ = {
			isa = XCConfigurationList;
			buildConfigurations = (
				27E1A66E23E311DC009B3CDB /* Debug */,
				27E1A66F23E311DC009B3CDB /* Release */,
			);
			defaultConfigurationIsVisible = 0;
			defaultConfigurationName = Release;
		};
/* End XCConfigurationList section */
	};
	rootObject = 27E1A65323E311DB009B3CDB /* Project object */;
}
